// !$*UTF8*$!
{
	archiveVersion = 1;
	classes = {
	};
	objectVersion = 46;
	objects = {

/* Begin PBXBuildFile section */
		673E529F1C0EB86A006F312A /* PetCreationViewController.swift in Sources */ = {isa = PBXBuildFile; fileRef = 673E529E1C0EB86A006F312A /* PetCreationViewController.swift */; };
		673E52A21C0EB9A4006F312A /* paw-print-outline_318-35039.png in Resources */ = {isa = PBXBuildFile; fileRef = 673E52A11C0EB9A4006F312A /* paw-print-outline_318-35039.png */; };
		673E52A41C0EBA56006F312A /* mypetspawprint_720.jpg in Resources */ = {isa = PBXBuildFile; fileRef = 673E52A31C0EBA56006F312A /* mypetspawprint_720.jpg */; };
		673E52A61C0EBA62006F312A /* petsimcaringforhands.jpg in Resources */ = {isa = PBXBuildFile; fileRef = 673E52A51C0EBA62006F312A /* petsimcaringforhands.jpg */; };
		673E52A81C0EBE89006F312A /* test_icon.jpeg in Resources */ = {isa = PBXBuildFile; fileRef = 673E52A71C0EBE89006F312A /* test_icon.jpeg */; };
		675860811C0FE35C006B59EF /* PetInfoViewController.swift in Sources */ = {isa = PBXBuildFile; fileRef = 675860801C0FE35C006B59EF /* PetInfoViewController.swift */; };
		675869E31C0FF0DB006B59EF /* Main.storyboard in Resources */ = {isa = PBXBuildFile; fileRef = 675869E21C0FF0DB006B59EF /* Main.storyboard */; };
		675869E51C0FF18E006B59EF /* LaunchScreen.storyboard in Resources */ = {isa = PBXBuildFile; fileRef = 675869E41C0FF18E006B59EF /* LaunchScreen.storyboard */; };
		675869E91C0FF238006B59EF /* petsitter.xcdatamodeld in Sources */ = {isa = PBXBuildFile; fileRef = 675869E61C0FF238006B59EF /* petsitter.xcdatamodeld */; };
		676F14D21C0E2BBA00BE1302 /* PetProfileViewController.swift in Sources */ = {isa = PBXBuildFile; fileRef = 676F14D11C0E2BBA00BE1302 /* PetProfileViewController.swift */; };
		6778DC601C192854008F6BD4 /* CaringForTableViewCell.swift in Sources */ = {isa = PBXBuildFile; fileRef = 6778DC5F1C192854008F6BD4 /* CaringForTableViewCell.swift */; };
		67926C311C0D42520031B13D /* AudioToolbox.framework in Frameworks */ = {isa = PBXBuildFile; fileRef = 67926C301C0D42520031B13D /* AudioToolbox.framework */; };
		67926C331C0D43440031B13D /* CFNetwork.framework in Frameworks */ = {isa = PBXBuildFile; fileRef = 67926C321C0D43440031B13D /* CFNetwork.framework */; };
		67926C351C0D434F0031B13D /* CoreGraphics.framework in Frameworks */ = {isa = PBXBuildFile; fileRef = 67926C341C0D434F0031B13D /* CoreGraphics.framework */; };
		67926C371C0D43580031B13D /* CoreLocation.framework in Frameworks */ = {isa = PBXBuildFile; fileRef = 67926C361C0D43580031B13D /* CoreLocation.framework */; };
		67926C391C0D435F0031B13D /* QuartzCore.framework in Frameworks */ = {isa = PBXBuildFile; fileRef = 67926C381C0D435F0031B13D /* QuartzCore.framework */; };
		67926C3B1C0D436C0031B13D /* Security.framework in Frameworks */ = {isa = PBXBuildFile; fileRef = 67926C3A1C0D436C0031B13D /* Security.framework */; };
		67926C3D1C0D43740031B13D /* StoreKit.framework in Frameworks */ = {isa = PBXBuildFile; fileRef = 67926C3C1C0D43740031B13D /* StoreKit.framework */; };
		67926C3F1C0D437B0031B13D /* SystemConfiguration.framework in Frameworks */ = {isa = PBXBuildFile; fileRef = 67926C3E1C0D437B0031B13D /* SystemConfiguration.framework */; };
		67926C411C0D43850031B13D /* libz.tbd in Frameworks */ = {isa = PBXBuildFile; fileRef = 67926C401C0D43850031B13D /* libz.tbd */; };
		67926C431C0D438E0031B13D /* libsqlite3.tbd in Frameworks */ = {isa = PBXBuildFile; fileRef = 67926C421C0D438E0031B13D /* libsqlite3.tbd */; };
		67926C451C0D43A00031B13D /* Bolts.framework in Frameworks */ = {isa = PBXBuildFile; fileRef = 67926C441C0D43A00031B13D /* Bolts.framework */; };
		67926C471C0D43A70031B13D /* Parse.framework in Frameworks */ = {isa = PBXBuildFile; fileRef = 67926C461C0D43A70031B13D /* Parse.framework */; };
		67926C491C0D45780031B13D /* PetTableViewCell.swift in Sources */ = {isa = PBXBuildFile; fileRef = 67926C481C0D45780031B13D /* PetTableViewCell.swift */; };
		950683971C1A082100C520F9 /* PetImWatchingInfoViewController.swift in Sources */ = {isa = PBXBuildFile; fileRef = 950683961C1A082100C520F9 /* PetImWatchingInfoViewController.swift */; };
		950683991C1A0B1600C520F9 /* AddLogViewController.swift in Sources */ = {isa = PBXBuildFile; fileRef = 950683981C1A0B1600C520F9 /* AddLogViewController.swift */; };
		9555D1441C173BA5008FA280 /* welcomehands.png in Resources */ = {isa = PBXBuildFile; fileRef = 9555D13F1C173BA5008FA280 /* welcomehands.png */; };
		9555D1451C173BA5008FA280 /* welcomemountain.png in Resources */ = {isa = PBXBuildFile; fileRef = 9555D1401C173BA5008FA280 /* welcomemountain.png */; };
		9555D1461C173BA5008FA280 /* welcomepaw.png in Resources */ = {isa = PBXBuildFile; fileRef = 9555D1411C173BA5008FA280 /* welcomepaw.png */; };
		9555D1471C173BA5008FA280 /* welcomerect.png in Resources */ = {isa = PBXBuildFile; fileRef = 9555D1421C173BA5008FA280 /* welcomerect.png */; };
		9555D1481C173BA5008FA280 /* welcomerectangle.png in Resources */ = {isa = PBXBuildFile; fileRef = 9555D1431C173BA5008FA280 /* welcomerectangle.png */; };
		9555D14A1C173EB7008FA280 /* PetsImCaringForController.swift in Sources */ = {isa = PBXBuildFile; fileRef = 9555D1491C173EB7008FA280 /* PetsImCaringForController.swift */; };
		955C53F21BF516A000F6E4CE /* AppDelegate.swift in Sources */ = {isa = PBXBuildFile; fileRef = 955C53F11BF516A000F6E4CE /* AppDelegate.swift */; };
		955C53FC1BF516A100F6E4CE /* Assets.xcassets in Resources */ = {isa = PBXBuildFile; fileRef = 955C53FB1BF516A100F6E4CE /* Assets.xcassets */; };
		955C540A1BF516A100F6E4CE /* petsitterTests.swift in Sources */ = {isa = PBXBuildFile; fileRef = 955C54091BF516A100F6E4CE /* petsitterTests.swift */; };
		956C211A1C1C9BC10059D9DD /* SubViewPetInfoViewController.swift in Sources */ = {isa = PBXBuildFile; fileRef = 956C21191C1C9BC10059D9DD /* SubViewPetInfoViewController.swift */; };
		956C211C1C1C9BE10059D9DD /* SubAddLogContainerViewController.swift in Sources */ = {isa = PBXBuildFile; fileRef = 956C211B1C1C9BE10059D9DD /* SubAddLogContainerViewController.swift */; };
		956C211E1C1C9C5C0059D9DD /* ViewLogContainerTableViewController.swift in Sources */ = {isa = PBXBuildFile; fileRef = 956C211D1C1C9C5C0059D9DD /* ViewLogContainerTableViewController.swift */; };
		95C52EF01BFE590B00C136E0 /* MyPetsTableViewController.swift in Sources */ = {isa = PBXBuildFile; fileRef = 95C52EEF1BFE590B00C136E0 /* MyPetsTableViewController.swift */; };
/* End PBXBuildFile section */

/* Begin PBXContainerItemProxy section */
		955C54061BF516A100F6E4CE /* PBXContainerItemProxy */ = {
			isa = PBXContainerItemProxy;
			containerPortal = 955C53E61BF516A000F6E4CE /* Project object */;
			proxyType = 1;
			remoteGlobalIDString = 955C53ED1BF516A000F6E4CE;
			remoteInfo = petsitter;
		};
/* End PBXContainerItemProxy section */

/* Begin PBXFileReference section */
		673E529E1C0EB86A006F312A /* PetCreationViewController.swift */ = {isa = PBXFileReference; fileEncoding = 4; lastKnownFileType = sourcecode.swift; path = PetCreationViewController.swift; sourceTree = "<group>"; };
		673E52A11C0EB9A4006F312A /* paw-print-outline_318-35039.png */ = {isa = PBXFileReference; lastKnownFileType = image.png; path = "paw-print-outline_318-35039.png"; sourceTree = "<group>"; };
		673E52A31C0EBA56006F312A /* mypetspawprint_720.jpg */ = {isa = PBXFileReference; lastKnownFileType = image.jpeg; path = mypetspawprint_720.jpg; sourceTree = "<group>"; };
		673E52A51C0EBA62006F312A /* petsimcaringforhands.jpg */ = {isa = PBXFileReference; lastKnownFileType = image.jpeg; path = petsimcaringforhands.jpg; sourceTree = "<group>"; };
		673E52A71C0EBE89006F312A /* test_icon.jpeg */ = {isa = PBXFileReference; lastKnownFileType = image.jpeg; path = test_icon.jpeg; sourceTree = "<group>"; };
		675860801C0FE35C006B59EF /* PetInfoViewController.swift */ = {isa = PBXFileReference; fileEncoding = 4; lastKnownFileType = sourcecode.swift; path = PetInfoViewController.swift; sourceTree = "<group>"; };
		675869E21C0FF0DB006B59EF /* Main.storyboard */ = {isa = PBXFileReference; fileEncoding = 4; lastKnownFileType = file.storyboard; path = Main.storyboard; sourceTree = "<group>"; };
		675869E41C0FF18E006B59EF /* LaunchScreen.storyboard */ = {isa = PBXFileReference; fileEncoding = 4; lastKnownFileType = file.storyboard; path = LaunchScreen.storyboard; sourceTree = "<group>"; };
		675869E71C0FF238006B59EF /* petsitter 2.xcdatamodel */ = {isa = PBXFileReference; lastKnownFileType = wrapper.xcdatamodel; path = "petsitter 2.xcdatamodel"; sourceTree = "<group>"; };
		675869E81C0FF238006B59EF /* petsitter.xcdatamodel */ = {isa = PBXFileReference; lastKnownFileType = wrapper.xcdatamodel; path = petsitter.xcdatamodel; sourceTree = "<group>"; };
		676F14D11C0E2BBA00BE1302 /* PetProfileViewController.swift */ = {isa = PBXFileReference; fileEncoding = 4; lastKnownFileType = sourcecode.swift; path = PetProfileViewController.swift; sourceTree = "<group>"; };
		6778DC5F1C192854008F6BD4 /* CaringForTableViewCell.swift */ = {isa = PBXFileReference; fileEncoding = 4; lastKnownFileType = sourcecode.swift; path = CaringForTableViewCell.swift; sourceTree = "<group>"; };
		67926C301C0D42520031B13D /* AudioToolbox.framework */ = {isa = PBXFileReference; lastKnownFileType = wrapper.framework; name = AudioToolbox.framework; path = System/Library/Frameworks/AudioToolbox.framework; sourceTree = SDKROOT; };
		67926C321C0D43440031B13D /* CFNetwork.framework */ = {isa = PBXFileReference; lastKnownFileType = wrapper.framework; name = CFNetwork.framework; path = System/Library/Frameworks/CFNetwork.framework; sourceTree = SDKROOT; };
		67926C341C0D434F0031B13D /* CoreGraphics.framework */ = {isa = PBXFileReference; lastKnownFileType = wrapper.framework; name = CoreGraphics.framework; path = System/Library/Frameworks/CoreGraphics.framework; sourceTree = SDKROOT; };
		67926C361C0D43580031B13D /* CoreLocation.framework */ = {isa = PBXFileReference; lastKnownFileType = wrapper.framework; name = CoreLocation.framework; path = System/Library/Frameworks/CoreLocation.framework; sourceTree = SDKROOT; };
		67926C381C0D435F0031B13D /* QuartzCore.framework */ = {isa = PBXFileReference; lastKnownFileType = wrapper.framework; name = QuartzCore.framework; path = System/Library/Frameworks/QuartzCore.framework; sourceTree = SDKROOT; };
		67926C3A1C0D436C0031B13D /* Security.framework */ = {isa = PBXFileReference; lastKnownFileType = wrapper.framework; name = Security.framework; path = System/Library/Frameworks/Security.framework; sourceTree = SDKROOT; };
		67926C3C1C0D43740031B13D /* StoreKit.framework */ = {isa = PBXFileReference; lastKnownFileType = wrapper.framework; name = StoreKit.framework; path = System/Library/Frameworks/StoreKit.framework; sourceTree = SDKROOT; };
		67926C3E1C0D437B0031B13D /* SystemConfiguration.framework */ = {isa = PBXFileReference; lastKnownFileType = wrapper.framework; name = SystemConfiguration.framework; path = System/Library/Frameworks/SystemConfiguration.framework; sourceTree = SDKROOT; };
		67926C401C0D43850031B13D /* libz.tbd */ = {isa = PBXFileReference; lastKnownFileType = "sourcecode.text-based-dylib-definition"; name = libz.tbd; path = usr/lib/libz.tbd; sourceTree = SDKROOT; };
		67926C421C0D438E0031B13D /* libsqlite3.tbd */ = {isa = PBXFileReference; lastKnownFileType = "sourcecode.text-based-dylib-definition"; name = libsqlite3.tbd; path = usr/lib/libsqlite3.tbd; sourceTree = SDKROOT; };
		67926C441C0D43A00031B13D /* Bolts.framework */ = {isa = PBXFileReference; lastKnownFileType = wrapper.framework; path = Bolts.framework; sourceTree = "<group>"; };
		67926C461C0D43A70031B13D /* Parse.framework */ = {isa = PBXFileReference; lastKnownFileType = wrapper.framework; path = Parse.framework; sourceTree = "<group>"; };
		67926C481C0D45780031B13D /* PetTableViewCell.swift */ = {isa = PBXFileReference; fileEncoding = 4; lastKnownFileType = sourcecode.swift; path = PetTableViewCell.swift; sourceTree = "<group>"; };
		950683961C1A082100C520F9 /* PetImWatchingInfoViewController.swift */ = {isa = PBXFileReference; fileEncoding = 4; lastKnownFileType = sourcecode.swift; path = PetImWatchingInfoViewController.swift; sourceTree = "<group>"; };
		950683981C1A0B1600C520F9 /* AddLogViewController.swift */ = {isa = PBXFileReference; fileEncoding = 4; lastKnownFileType = sourcecode.swift; path = AddLogViewController.swift; sourceTree = "<group>"; };
		9555D13F1C173BA5008FA280 /* welcomehands.png */ = {isa = PBXFileReference; lastKnownFileType = image.png; path = welcomehands.png; sourceTree = "<group>"; };
		9555D1401C173BA5008FA280 /* welcomemountain.png */ = {isa = PBXFileReference; lastKnownFileType = image.png; path = welcomemountain.png; sourceTree = "<group>"; };
		9555D1411C173BA5008FA280 /* welcomepaw.png */ = {isa = PBXFileReference; lastKnownFileType = image.png; path = welcomepaw.png; sourceTree = "<group>"; };
		9555D1421C173BA5008FA280 /* welcomerect.png */ = {isa = PBXFileReference; lastKnownFileType = image.png; path = welcomerect.png; sourceTree = "<group>"; };
		9555D1431C173BA5008FA280 /* welcomerectangle.png */ = {isa = PBXFileReference; lastKnownFileType = image.png; path = welcomerectangle.png; sourceTree = "<group>"; };
		9555D1491C173EB7008FA280 /* PetsImCaringForController.swift */ = {isa = PBXFileReference; fileEncoding = 4; lastKnownFileType = sourcecode.swift; path = PetsImCaringForController.swift; sourceTree = "<group>"; };
		955C53EE1BF516A000F6E4CE /* petsitter.app */ = {isa = PBXFileReference; explicitFileType = wrapper.application; includeInIndex = 0; path = petsitter.app; sourceTree = BUILT_PRODUCTS_DIR; };
		955C53F11BF516A000F6E4CE /* AppDelegate.swift */ = {isa = PBXFileReference; lastKnownFileType = sourcecode.swift; path = AppDelegate.swift; sourceTree = "<group>"; };
		955C53FB1BF516A100F6E4CE /* Assets.xcassets */ = {isa = PBXFileReference; lastKnownFileType = folder.assetcatalog; path = Assets.xcassets; sourceTree = "<group>"; };
		955C54001BF516A100F6E4CE /* Info.plist */ = {isa = PBXFileReference; lastKnownFileType = text.plist.xml; path = Info.plist; sourceTree = "<group>"; };
		955C54051BF516A100F6E4CE /* petsitterTests.xctest */ = {isa = PBXFileReference; explicitFileType = wrapper.cfbundle; includeInIndex = 0; path = petsitterTests.xctest; sourceTree = BUILT_PRODUCTS_DIR; };
		955C54091BF516A100F6E4CE /* petsitterTests.swift */ = {isa = PBXFileReference; lastKnownFileType = sourcecode.swift; path = petsitterTests.swift; sourceTree = "<group>"; };
		955C540B1BF516A100F6E4CE /* Info.plist */ = {isa = PBXFileReference; lastKnownFileType = text.plist.xml; path = Info.plist; sourceTree = "<group>"; };
		956C21191C1C9BC10059D9DD /* SubViewPetInfoViewController.swift */ = {isa = PBXFileReference; fileEncoding = 4; lastKnownFileType = sourcecode.swift; path = SubViewPetInfoViewController.swift; sourceTree = "<group>"; };
		956C211B1C1C9BE10059D9DD /* SubAddLogContainerViewController.swift */ = {isa = PBXFileReference; fileEncoding = 4; lastKnownFileType = sourcecode.swift; path = SubAddLogContainerViewController.swift; sourceTree = "<group>"; };
		956C211D1C1C9C5C0059D9DD /* ViewLogContainerTableViewController.swift */ = {isa = PBXFileReference; fileEncoding = 4; lastKnownFileType = sourcecode.swift; path = ViewLogContainerTableViewController.swift; sourceTree = "<group>"; };
		95C52EEF1BFE590B00C136E0 /* MyPetsTableViewController.swift */ = {isa = PBXFileReference; fileEncoding = 4; lastKnownFileType = sourcecode.swift; path = MyPetsTableViewController.swift; sourceTree = "<group>"; };
/* End PBXFileReference section */

/* Begin PBXFrameworksBuildPhase section */
		955C53EB1BF516A000F6E4CE /* Frameworks */ = {
			isa = PBXFrameworksBuildPhase;
			buildActionMask = 2147483647;
			files = (
				67926C431C0D438E0031B13D /* libsqlite3.tbd in Frameworks */,
				67926C411C0D43850031B13D /* libz.tbd in Frameworks */,
				67926C3F1C0D437B0031B13D /* SystemConfiguration.framework in Frameworks */,
				67926C3D1C0D43740031B13D /* StoreKit.framework in Frameworks */,
				67926C3B1C0D436C0031B13D /* Security.framework in Frameworks */,
				67926C391C0D435F0031B13D /* QuartzCore.framework in Frameworks */,
				67926C371C0D43580031B13D /* CoreLocation.framework in Frameworks */,
				67926C351C0D434F0031B13D /* CoreGraphics.framework in Frameworks */,
				67926C451C0D43A00031B13D /* Bolts.framework in Frameworks */,
				67926C331C0D43440031B13D /* CFNetwork.framework in Frameworks */,
				67926C471C0D43A70031B13D /* Parse.framework in Frameworks */,
				67926C311C0D42520031B13D /* AudioToolbox.framework in Frameworks */,
			);
			runOnlyForDeploymentPostprocessing = 0;
		};
		955C54021BF516A100F6E4CE /* Frameworks */ = {
			isa = PBXFrameworksBuildPhase;
			buildActionMask = 2147483647;
			files = (
			);
			runOnlyForDeploymentPostprocessing = 0;
		};
/* End PBXFrameworksBuildPhase section */

/* Begin PBXGroup section */
		67068FA31C0AD664005C88C9 /* Frameworks */ = {
			isa = PBXGroup;
			children = (
				67926C461C0D43A70031B13D /* Parse.framework */,
				67926C441C0D43A00031B13D /* Bolts.framework */,
				67926C421C0D438E0031B13D /* libsqlite3.tbd */,
				67926C401C0D43850031B13D /* libz.tbd */,
				67926C3E1C0D437B0031B13D /* SystemConfiguration.framework */,
				67926C3C1C0D43740031B13D /* StoreKit.framework */,
				67926C3A1C0D436C0031B13D /* Security.framework */,
				67926C381C0D435F0031B13D /* QuartzCore.framework */,
				67926C361C0D43580031B13D /* CoreLocation.framework */,
				67926C341C0D434F0031B13D /* CoreGraphics.framework */,
				67926C321C0D43440031B13D /* CFNetwork.framework */,
				67926C301C0D42520031B13D /* AudioToolbox.framework */,
			);
			name = Frameworks;
			sourceTree = "<group>";
		};
		673E52A01C0EB985006F312A /* Images/icons */ = {
			isa = PBXGroup;
			children = (
				673E52A71C0EBE89006F312A /* test_icon.jpeg */,
				673E52A51C0EBA62006F312A /* petsimcaringforhands.jpg */,
				673E52A31C0EBA56006F312A /* mypetspawprint_720.jpg */,
				673E52A11C0EB9A4006F312A /* paw-print-outline_318-35039.png */,
			);
			name = Images/icons;
			sourceTree = "<group>";
		};
		9555D13E1C173BA5008FA280 /* welcome photos */ = {
			isa = PBXGroup;
			children = (
				9555D13F1C173BA5008FA280 /* welcomehands.png */,
				9555D1401C173BA5008FA280 /* welcomemountain.png */,
				9555D1411C173BA5008FA280 /* welcomepaw.png */,
				9555D1421C173BA5008FA280 /* welcomerect.png */,
				9555D1431C173BA5008FA280 /* welcomerectangle.png */,
			);
			path = "welcome photos";
			sourceTree = "<group>";
		};
		955C53E51BF516A000F6E4CE = {
			isa = PBXGroup;
			children = (
				673E52A01C0EB985006F312A /* Images/icons */,
				67068FA31C0AD664005C88C9 /* Frameworks */,
				955C53F01BF516A000F6E4CE /* petsitter */,
				955C54081BF516A100F6E4CE /* petsitterTests */,
				955C53EF1BF516A000F6E4CE /* Products */,
			);
			sourceTree = "<group>";
		};
		955C53EF1BF516A000F6E4CE /* Products */ = {
			isa = PBXGroup;
			children = (
				955C53EE1BF516A000F6E4CE /* petsitter.app */,
				955C54051BF516A100F6E4CE /* petsitterTests.xctest */,
			);
			name = Products;
			sourceTree = "<group>";
		};
		955C53F01BF516A000F6E4CE /* petsitter */ = {
			isa = PBXGroup;
			children = (
				955C53F11BF516A000F6E4CE /* AppDelegate.swift */,
				9555D13E1C173BA5008FA280 /* welcome photos */,
				955C53FB1BF516A100F6E4CE /* Assets.xcassets */,
				675869E41C0FF18E006B59EF /* LaunchScreen.storyboard */,
				675869E21C0FF0DB006B59EF /* Main.storyboard */,
				955C54001BF516A100F6E4CE /* Info.plist */,
				675869E61C0FF238006B59EF /* petsitter.xcdatamodeld */,
				673E529E1C0EB86A006F312A /* PetCreationViewController.swift */,
				95C52EEF1BFE590B00C136E0 /* MyPetsTableViewController.swift */,
				675860801C0FE35C006B59EF /* PetInfoViewController.swift */,
				676F14D11C0E2BBA00BE1302 /* PetProfileViewController.swift */,
				67926C481C0D45780031B13D /* PetTableViewCell.swift */,
				9555D1491C173EB7008FA280 /* PetsImCaringForController.swift */,
				6778DC5F1C192854008F6BD4 /* CaringForTableViewCell.swift */,
				950683961C1A082100C520F9 /* PetImWatchingInfoViewController.swift */,
				950683981C1A0B1600C520F9 /* AddLogViewController.swift */,
				956C21191C1C9BC10059D9DD /* SubViewPetInfoViewController.swift */,
				956C211B1C1C9BE10059D9DD /* SubAddLogContainerViewController.swift */,
				956C211D1C1C9C5C0059D9DD /* ViewLogContainerTableViewController.swift */,
			);
			path = petsitter;
			sourceTree = "<group>";
		};
		955C54081BF516A100F6E4CE /* petsitterTests */ = {
			isa = PBXGroup;
			children = (
				955C54091BF516A100F6E4CE /* petsitterTests.swift */,
				955C540B1BF516A100F6E4CE /* Info.plist */,
			);
			path = petsitterTests;
			sourceTree = "<group>";
		};
/* End PBXGroup section */

/* Begin PBXNativeTarget section */
		955C53ED1BF516A000F6E4CE /* petsitter */ = {
			isa = PBXNativeTarget;
			buildConfigurationList = 955C540E1BF516A100F6E4CE /* Build configuration list for PBXNativeTarget "petsitter" */;
			buildPhases = (
				955C53EA1BF516A000F6E4CE /* Sources */,
				955C53EB1BF516A000F6E4CE /* Frameworks */,
				955C53EC1BF516A000F6E4CE /* Resources */,
			);
			buildRules = (
			);
			dependencies = (
			);
			name = petsitter;
			productName = petsitter;
			productReference = 955C53EE1BF516A000F6E4CE /* petsitter.app */;
			productType = "com.apple.product-type.application";
		};
		955C54041BF516A100F6E4CE /* petsitterTests */ = {
			isa = PBXNativeTarget;
			buildConfigurationList = 955C54111BF516A100F6E4CE /* Build configuration list for PBXNativeTarget "petsitterTests" */;
			buildPhases = (
				955C54011BF516A100F6E4CE /* Sources */,
				955C54021BF516A100F6E4CE /* Frameworks */,
				955C54031BF516A100F6E4CE /* Resources */,
			);
			buildRules = (
			);
			dependencies = (
				955C54071BF516A100F6E4CE /* PBXTargetDependency */,
			);
			name = petsitterTests;
			productName = petsitterTests;
			productReference = 955C54051BF516A100F6E4CE /* petsitterTests.xctest */;
			productType = "com.apple.product-type.bundle.unit-test";
		};
/* End PBXNativeTarget section */

/* Begin PBXProject section */
		955C53E61BF516A000F6E4CE /* Project object */ = {
			isa = PBXProject;
			attributes = {
				LastSwiftUpdateCheck = 0710;
				LastUpgradeCheck = 0710;
				ORGANIZATIONNAME = "Devin Clark";
				TargetAttributes = {
					955C53ED1BF516A000F6E4CE = {
						CreatedOnToolsVersion = 7.1;
						DevelopmentTeam = RB8Y4CARWL;
					};
					955C54041BF516A100F6E4CE = {
						CreatedOnToolsVersion = 7.1;
						DevelopmentTeam = RB8Y4CARWL;
						TestTargetID = 955C53ED1BF516A000F6E4CE;
					};
				};
			};
			buildConfigurationList = 955C53E91BF516A000F6E4CE /* Build configuration list for PBXProject "petsitter" */;
			compatibilityVersion = "Xcode 3.2";
			developmentRegion = English;
			hasScannedForEncodings = 0;
			knownRegions = (
				en,
				Base,
			);
			mainGroup = 955C53E51BF516A000F6E4CE;
			productRefGroup = 955C53EF1BF516A000F6E4CE /* Products */;
			projectDirPath = "";
			projectRoot = "";
			targets = (
				955C53ED1BF516A000F6E4CE /* petsitter */,
				955C54041BF516A100F6E4CE /* petsitterTests */,
			);
		};
/* End PBXProject section */

/* Begin PBXResourcesBuildPhase section */
		955C53EC1BF516A000F6E4CE /* Resources */ = {
			isa = PBXResourcesBuildPhase;
			buildActionMask = 2147483647;
			files = (
				675869E31C0FF0DB006B59EF /* Main.storyboard in Resources */,
				9555D1461C173BA5008FA280 /* welcomepaw.png in Resources */,
				673E52A21C0EB9A4006F312A /* paw-print-outline_318-35039.png in Resources */,
				955C53FC1BF516A100F6E4CE /* Assets.xcassets in Resources */,
				9555D1451C173BA5008FA280 /* welcomemountain.png in Resources */,
				9555D1471C173BA5008FA280 /* welcomerect.png in Resources */,
				673E52A41C0EBA56006F312A /* mypetspawprint_720.jpg in Resources */,
				675869E51C0FF18E006B59EF /* LaunchScreen.storyboard in Resources */,
				9555D1481C173BA5008FA280 /* welcomerectangle.png in Resources */,
				9555D1441C173BA5008FA280 /* welcomehands.png in Resources */,
				673E52A61C0EBA62006F312A /* petsimcaringforhands.jpg in Resources */,
				673E52A81C0EBE89006F312A /* test_icon.jpeg in Resources */,
			);
			runOnlyForDeploymentPostprocessing = 0;
		};
		955C54031BF516A100F6E4CE /* Resources */ = {
			isa = PBXResourcesBuildPhase;
			buildActionMask = 2147483647;
			files = (
			);
			runOnlyForDeploymentPostprocessing = 0;
		};
/* End PBXResourcesBuildPhase section */

/* Begin PBXSourcesBuildPhase section */
		955C53EA1BF516A000F6E4CE /* Sources */ = {
			isa = PBXSourcesBuildPhase;
			buildActionMask = 2147483647;
			files = (
				676F14D21C0E2BBA00BE1302 /* PetProfileViewController.swift in Sources */,
				675869E91C0FF238006B59EF /* petsitter.xcdatamodeld in Sources */,
				955C53F21BF516A000F6E4CE /* AppDelegate.swift in Sources */,
				9555D14A1C173EB7008FA280 /* PetsImCaringForController.swift in Sources */,
				67926C491C0D45780031B13D /* PetTableViewCell.swift in Sources */,
				95C52EF01BFE590B00C136E0 /* MyPetsTableViewController.swift in Sources */,
				956C211A1C1C9BC10059D9DD /* SubViewPetInfoViewController.swift in Sources */,
				673E529F1C0EB86A006F312A /* PetCreationViewController.swift in Sources */,
				950683971C1A082100C520F9 /* PetImWatchingInfoViewController.swift in Sources */,
				950683991C1A0B1600C520F9 /* AddLogViewController.swift in Sources */,
				6778DC601C192854008F6BD4 /* CaringForTableViewCell.swift in Sources */,
				675860811C0FE35C006B59EF /* PetInfoViewController.swift in Sources */,
				956C211C1C1C9BE10059D9DD /* SubAddLogContainerViewController.swift in Sources */,
				956C211E1C1C9C5C0059D9DD /* ViewLogContainerTableViewController.swift in Sources */,
			);
			runOnlyForDeploymentPostprocessing = 0;
		};
		955C54011BF516A100F6E4CE /* Sources */ = {
			isa = PBXSourcesBuildPhase;
			buildActionMask = 2147483647;
			files = (
				955C540A1BF516A100F6E4CE /* petsitterTests.swift in Sources */,
			);
			runOnlyForDeploymentPostprocessing = 0;
		};
/* End PBXSourcesBuildPhase section */

/* Begin PBXTargetDependency section */
		955C54071BF516A100F6E4CE /* PBXTargetDependency */ = {
			isa = PBXTargetDependency;
			target = 955C53ED1BF516A000F6E4CE /* petsitter */;
			targetProxy = 955C54061BF516A100F6E4CE /* PBXContainerItemProxy */;
		};
/* End PBXTargetDependency section */

/* Begin XCBuildConfiguration section */
		955C540C1BF516A100F6E4CE /* Debug */ = {
			isa = XCBuildConfiguration;
			buildSettings = {
				ALWAYS_SEARCH_USER_PATHS = NO;
				CLANG_CXX_LANGUAGE_STANDARD = "gnu++0x";
				CLANG_CXX_LIBRARY = "libc++";
				CLANG_ENABLE_MODULES = YES;
				CLANG_ENABLE_OBJC_ARC = YES;
				CLANG_WARN_BOOL_CONVERSION = YES;
				CLANG_WARN_CONSTANT_CONVERSION = YES;
				CLANG_WARN_DIRECT_OBJC_ISA_USAGE = YES_ERROR;
				CLANG_WARN_EMPTY_BODY = YES;
				CLANG_WARN_ENUM_CONVERSION = YES;
				CLANG_WARN_INT_CONVERSION = YES;
				CLANG_WARN_OBJC_ROOT_CLASS = YES_ERROR;
				CLANG_WARN_UNREACHABLE_CODE = YES;
				CLANG_WARN__DUPLICATE_METHOD_MATCH = YES;
				"CODE_SIGN_IDENTITY[sdk=iphoneos*]" = "iPhone Developer";
				COPY_PHASE_STRIP = NO;
				DEBUG_INFORMATION_FORMAT = dwarf;
				ENABLE_STRICT_OBJC_MSGSEND = YES;
				ENABLE_TESTABILITY = YES;
				GCC_C_LANGUAGE_STANDARD = gnu99;
				GCC_DYNAMIC_NO_PIC = NO;
				GCC_NO_COMMON_BLOCKS = YES;
				GCC_OPTIMIZATION_LEVEL = 0;
				GCC_PREPROCESSOR_DEFINITIONS = (
					"DEBUG=1",
					"$(inherited)",
				);
				GCC_WARN_64_TO_32_BIT_CONVERSION = YES;
				GCC_WARN_ABOUT_RETURN_TYPE = YES_ERROR;
				GCC_WARN_UNDECLARED_SELECTOR = YES;
				GCC_WARN_UNINITIALIZED_AUTOS = YES_AGGRESSIVE;
				GCC_WARN_UNUSED_FUNCTION = YES;
				GCC_WARN_UNUSED_VARIABLE = YES;
				IPHONEOS_DEPLOYMENT_TARGET = 9.1;
				MTL_ENABLE_DEBUG_INFO = YES;
				ONLY_ACTIVE_ARCH = YES;
				SDKROOT = iphoneos;
				SWIFT_OPTIMIZATION_LEVEL = "-Onone";
			};
			name = Debug;
		};
		955C540D1BF516A100F6E4CE /* Release */ = {
			isa = XCBuildConfiguration;
			buildSettings = {
				ALWAYS_SEARCH_USER_PATHS = NO;
				CLANG_CXX_LANGUAGE_STANDARD = "gnu++0x";
				CLANG_CXX_LIBRARY = "libc++";
				CLANG_ENABLE_MODULES = YES;
				CLANG_ENABLE_OBJC_ARC = YES;
				CLANG_WARN_BOOL_CONVERSION = YES;
				CLANG_WARN_CONSTANT_CONVERSION = YES;
				CLANG_WARN_DIRECT_OBJC_ISA_USAGE = YES_ERROR;
				CLANG_WARN_EMPTY_BODY = YES;
				CLANG_WARN_ENUM_CONVERSION = YES;
				CLANG_WARN_INT_CONVERSION = YES;
				CLANG_WARN_OBJC_ROOT_CLASS = YES_ERROR;
				CLANG_WARN_UNREACHABLE_CODE = YES;
				CLANG_WARN__DUPLICATE_METHOD_MATCH = YES;
				"CODE_SIGN_IDENTITY[sdk=iphoneos*]" = "iPhone Developer";
				COPY_PHASE_STRIP = NO;
				DEBUG_INFORMATION_FORMAT = "dwarf-with-dsym";
				ENABLE_NS_ASSERTIONS = NO;
				ENABLE_STRICT_OBJC_MSGSEND = YES;
				GCC_C_LANGUAGE_STANDARD = gnu99;
				GCC_NO_COMMON_BLOCKS = YES;
				GCC_WARN_64_TO_32_BIT_CONVERSION = YES;
				GCC_WARN_ABOUT_RETURN_TYPE = YES_ERROR;
				GCC_WARN_UNDECLARED_SELECTOR = YES;
				GCC_WARN_UNINITIALIZED_AUTOS = YES_AGGRESSIVE;
				GCC_WARN_UNUSED_FUNCTION = YES;
				GCC_WARN_UNUSED_VARIABLE = YES;
				IPHONEOS_DEPLOYMENT_TARGET = 9.1;
				MTL_ENABLE_DEBUG_INFO = NO;
				SDKROOT = iphoneos;
				VALIDATE_PRODUCT = YES;
			};
			name = Release;
		};
		955C540F1BF516A100F6E4CE /* Debug */ = {
			isa = XCBuildConfiguration;
			buildSettings = {
				ASSETCATALOG_COMPILER_APPICON_NAME = AppIcon;
				FRAMEWORK_SEARCH_PATHS = (
					"$(inherited)",
					"$(PROJECT_DIR)",
				);
				INFOPLIST_FILE = petsitter/Info.plist;
				LD_RUNPATH_SEARCH_PATHS = "$(inherited) @executable_path/Frameworks";
				PRODUCT_BUNDLE_IDENTIFIER = edu.missouri.cs.petsitter;
				PRODUCT_NAME = "$(TARGET_NAME)";
			};
			name = Debug;
		};
		955C54101BF516A100F6E4CE /* Release */ = {
			isa = XCBuildConfiguration;
			buildSettings = {
				ASSETCATALOG_COMPILER_APPICON_NAME = AppIcon;
				FRAMEWORK_SEARCH_PATHS = (
					"$(inherited)",
					"$(PROJECT_DIR)",
				);
				INFOPLIST_FILE = petsitter/Info.plist;
				LD_RUNPATH_SEARCH_PATHS = "$(inherited) @executable_path/Frameworks";
				PRODUCT_BUNDLE_IDENTIFIER = edu.missouri.cs.petsitter;
				PRODUCT_NAME = "$(TARGET_NAME)";
			};
			name = Release;
		};
		955C54121BF516A100F6E4CE /* Debug */ = {
			isa = XCBuildConfiguration;
			buildSettings = {
				BUNDLE_LOADER = "$(TEST_HOST)";
				INFOPLIST_FILE = petsitterTests/Info.plist;
				LD_RUNPATH_SEARCH_PATHS = "$(inherited) @executable_path/Frameworks @loader_path/Frameworks";
				PRODUCT_BUNDLE_IDENTIFIER = edu.missouri.cs.petsitterTests;
				PRODUCT_NAME = "$(TARGET_NAME)";
				TEST_HOST = "$(BUILT_PRODUCTS_DIR)/petsitter.app/petsitter";
			};
			name = Debug;
		};
		955C54131BF516A100F6E4CE /* Release */ = {
			isa = XCBuildConfiguration;
			buildSettings = {
				BUNDLE_LOADER = "$(TEST_HOST)";
				INFOPLIST_FILE = petsitterTests/Info.plist;
				LD_RUNPATH_SEARCH_PATHS = "$(inherited) @executable_path/Frameworks @loader_path/Frameworks";
				PRODUCT_BUNDLE_IDENTIFIER = edu.missouri.cs.petsitterTests;
				PRODUCT_NAME = "$(TARGET_NAME)";
				TEST_HOST = "$(BUILT_PRODUCTS_DIR)/petsitter.app/petsitter";
			};
			name = Release;
		};
/* End XCBuildConfiguration section */

/* Begin XCConfigurationList section */
		955C53E91BF516A000F6E4CE /* Build configuration list for PBXProject "petsitter" */ = {
			isa = XCConfigurationList;
			buildConfigurations = (
				955C540C1BF516A100F6E4CE /* Debug */,
				955C540D1BF516A100F6E4CE /* Release */,
			);
			defaultConfigurationIsVisible = 0;
			defaultConfigurationName = Release;
		};
		955C540E1BF516A100F6E4CE /* Build configuration list for PBXNativeTarget "petsitter" */ = {
			isa = XCConfigurationList;
			buildConfigurations = (
				955C540F1BF516A100F6E4CE /* Debug */,
				955C54101BF516A100F6E4CE /* Release */,
			);
			defaultConfigurationIsVisible = 0;
			defaultConfigurationName = Release;
		};
		955C54111BF516A100F6E4CE /* Build configuration list for PBXNativeTarget "petsitterTests" */ = {
			isa = XCConfigurationList;
			buildConfigurations = (
				955C54121BF516A100F6E4CE /* Debug */,
				955C54131BF516A100F6E4CE /* Release */,
			);
			defaultConfigurationIsVisible = 0;
			defaultConfigurationName = Release;
		};
/* End XCConfigurationList section */

/* Begin XCVersionGroup section */
		675869E61C0FF238006B59EF /* petsitter.xcdatamodeld */ = {
			isa = XCVersionGroup;
			children = (
				675869E71C0FF238006B59EF /* petsitter 2.xcdatamodel */,
				675869E81C0FF238006B59EF /* petsitter.xcdatamodel */,
			);
			currentVersion = 675869E81C0FF238006B59EF /* petsitter.xcdatamodel */;
			path = petsitter.xcdatamodeld;
			sourceTree = "<group>";
			versionGroupType = wrapper.xcdatamodel;
		};
/* End XCVersionGroup section */
	};
	rootObject = 955C53E61BF516A000F6E4CE /* Project object */;
}
